// !$*UTF8*$!
{
	archiveVersion = 1;
	classes = {
	};
	objectVersion = 50;
	objects = {

/* Begin PBXBuildFile section */
		1EBE140A2EFA409B34CAF8EB /* Pods_Bumva.framework in Frameworks */ = {isa = PBXBuildFile; fileRef = 3073E37E73181CEEA3AE1A04 /* Pods_Bumva.framework */; };
		FA76982F20CDAFC30053A960 /* AppDelegate.swift in Sources */ = {isa = PBXBuildFile; fileRef = FA76982E20CDAFC30053A960 /* AppDelegate.swift */; };
		FA76983120CDAFC30053A960 /* ViewController.swift in Sources */ = {isa = PBXBuildFile; fileRef = FA76983020CDAFC30053A960 /* ViewController.swift */; };
		FA76983420CDAFC30053A960 /* Main.storyboard in Resources */ = {isa = PBXBuildFile; fileRef = FA76983220CDAFC30053A960 /* Main.storyboard */; };
		FA76983620CDAFC60053A960 /* Assets.xcassets in Resources */ = {isa = PBXBuildFile; fileRef = FA76983520CDAFC60053A960 /* Assets.xcassets */; };
		FA76983920CDAFC60053A960 /* LaunchScreen.storyboard in Resources */ = {isa = PBXBuildFile; fileRef = FA76983720CDAFC60053A960 /* LaunchScreen.storyboard */; };
/* End PBXBuildFile section */

/* Begin PBXFileReference section */
		134474CC5759C517AE3402F7 /* Pods-Bumva.release.xcconfig */ = {isa = PBXFileReference; includeInIndex = 1; lastKnownFileType = text.xcconfig; name = "Pods-Bumva.release.xcconfig"; path = "Pods/Target Support Files/Pods-Bumva/Pods-Bumva.release.xcconfig"; sourceTree = "<group>"; };
		2EE0FAD6A85B95230BA71100 /* Pods-Bumva.debug.xcconfig */ = {isa = PBXFileReference; includeInIndex = 1; lastKnownFileType = text.xcconfig; name = "Pods-Bumva.debug.xcconfig"; path = "Pods/Target Support Files/Pods-Bumva/Pods-Bumva.debug.xcconfig"; sourceTree = "<group>"; };
		3073E37E73181CEEA3AE1A04 /* Pods_Bumva.framework */ = {isa = PBXFileReference; explicitFileType = wrapper.framework; includeInIndex = 0; path = Pods_Bumva.framework; sourceTree = BUILT_PRODUCTS_DIR; };
		FA76982B20CDAFC30053A960 /* Bumva.app */ = {isa = PBXFileReference; explicitFileType = wrapper.application; includeInIndex = 0; path = Bumva.app; sourceTree = BUILT_PRODUCTS_DIR; };
		FA76982E20CDAFC30053A960 /* AppDelegate.swift */ = {isa = PBXFileReference; lastKnownFileType = sourcecode.swift; path = AppDelegate.swift; sourceTree = "<group>"; };
		FA76983020CDAFC30053A960 /* ViewController.swift */ = {isa = PBXFileReference; lastKnownFileType = sourcecode.swift; path = ViewController.swift; sourceTree = "<group>"; };
		FA76983320CDAFC30053A960 /* Base */ = {isa = PBXFileReference; lastKnownFileType = file.storyboard; name = Base; path = Base.lproj/Main.storyboard; sourceTree = "<group>"; };
		FA76983520CDAFC60053A960 /* Assets.xcassets */ = {isa = PBXFileReference; lastKnownFileType = folder.assetcatalog; path = Assets.xcassets; sourceTree = "<group>"; };
		FA76983820CDAFC60053A960 /* Base */ = {isa = PBXFileReference; lastKnownFileType = file.storyboard; name = Base; path = Base.lproj/LaunchScreen.storyboard; sourceTree = "<group>"; };
		FA76983A20CDAFC60053A960 /* Info.plist */ = {isa = PBXFileReference; lastKnownFileType = text.plist.xml; path = Info.plist; sourceTree = "<group>"; };
/* End PBXFileReference section */

/* Begin PBXFrameworksBuildPhase section */
		FA76982820CDAFC30053A960 /* Frameworks */ = {
			isa = PBXFrameworksBuildPhase;
			buildActionMask = 2147483647;
			files = (
				1EBE140A2EFA409B34CAF8EB /* Pods_Bumva.framework in Frameworks */,
			);
			runOnlyForDeploymentPostprocessing = 0;
		};
/* End PBXFrameworksBuildPhase section */

/* Begin PBXGroup section */
		593E013922900E536B36E7EC /* Frameworks */ = {
			isa = PBXGroup;
			children = (
				3073E37E73181CEEA3AE1A04 /* Pods_Bumva.framework */,
			);
			name = Frameworks;
			sourceTree = "<group>";
		};
		F278777132B0C2C4CDE21190 /* Pods */ = {
			isa = PBXGroup;
			children = (
				2EE0FAD6A85B95230BA71100 /* Pods-Bumva.debug.xcconfig */,
				134474CC5759C517AE3402F7 /* Pods-Bumva.release.xcconfig */,
			);
			name = Pods;
			sourceTree = "<group>";
		};
		FA76982220CDAFC30053A960 = {
			isa = PBXGroup;
			children = (
				FA76982D20CDAFC30053A960 /* Bumva */,
				FA76982C20CDAFC30053A960 /* Products */,
				F278777132B0C2C4CDE21190 /* Pods */,
				593E013922900E536B36E7EC /* Frameworks */,
			);
			sourceTree = "<group>";
		};
		FA76982C20CDAFC30053A960 /* Products */ = {
			isa = PBXGroup;
			children = (
				FA76982B20CDAFC30053A960 /* Bumva.app */,
			);
			name = Products;
			sourceTree = "<group>";
		};
		FA76982D20CDAFC30053A960 /* Bumva */ = {
			isa = PBXGroup;
			children = (
				FA76982E20CDAFC30053A960 /* AppDelegate.swift */,
				FA76983020CDAFC30053A960 /* ViewController.swift */,
				FA76983220CDAFC30053A960 /* Main.storyboard */,
				FA76983520CDAFC60053A960 /* Assets.xcassets */,
				FA76983720CDAFC60053A960 /* LaunchScreen.storyboard */,
				FA76983A20CDAFC60053A960 /* Info.plist */,
			);
			path = Bumva;
			sourceTree = "<group>";
		};
/* End PBXGroup section */

/* Begin PBXNativeTarget section */
		FA76982A20CDAFC30053A960 /* Bumva */ = {
			isa = PBXNativeTarget;
			buildConfigurationList = FA76983D20CDAFC60053A960 /* Build configuration list for PBXNativeTarget "Bumva" */;
			buildPhases = (
				D6093C11C1A8F3188799D335 /* [CP] Check Pods Manifest.lock */,
				FA76982720CDAFC30053A960 /* Sources */,
				FA76982820CDAFC30053A960 /* Frameworks */,
				FA76982920CDAFC30053A960 /* Resources */,
				E837C69B4945F82490D0C3DD /* [CP] Embed Pods Frameworks */,
			);
			buildRules = (
			);
			dependencies = (
			);
			name = Bumva;
			productName = Bumva;
			productReference = FA76982B20CDAFC30053A960 /* Bumva.app */;
			productType = "com.apple.product-type.application";
		};
/* End PBXNativeTarget section */

/* Begin PBXProject section */
		FA76982320CDAFC30053A960 /* Project object */ = {
			isa = PBXProject;
			attributes = {
				LastSwiftUpdateCheck = 0940;
				LastUpgradeCheck = 0940;
				ORGANIZATIONNAME = "Максим Белугин";
				TargetAttributes = {
					FA76982A20CDAFC30053A960 = {
						CreatedOnToolsVersion = 9.4;
					};
				};
			};
			buildConfigurationList = FA76982620CDAFC30053A960 /* Build configuration list for PBXProject "Bumva" */;
			compatibilityVersion = "Xcode 9.3";
			developmentRegion = en;
			hasScannedForEncodings = 0;
			knownRegions = (
				en,
				Base,
			);
			mainGroup = FA76982220CDAFC30053A960;
			productRefGroup = FA76982C20CDAFC30053A960 /* Products */;
			projectDirPath = "";
			projectRoot = "";
			targets = (
				FA76982A20CDAFC30053A960 /* Bumva */,
			);
		};
/* End PBXProject section */

/* Begin PBXResourcesBuildPhase section */
		FA76982920CDAFC30053A960 /* Resources */ = {
			isa = PBXResourcesBuildPhase;
			buildActionMask = 2147483647;
			files = (
				FA76983920CDAFC60053A960 /* LaunchScreen.storyboard in Resources */,
				FA76983620CDAFC60053A960 /* Assets.xcassets in Resources */,
				FA76983420CDAFC30053A960 /* Main.storyboard in Resources */,
			);
			runOnlyForDeploymentPostprocessing = 0;
		};
/* End PBXResourcesBuildPhase section */

/* Begin PBXShellScriptBuildPhase section */
		D6093C11C1A8F3188799D335 /* [CP] Check Pods Manifest.lock */ = {
			isa = PBXShellScriptBuildPhase;
			buildActionMask = 2147483647;
			files = (
			);
			inputPaths = (
				"${PODS_PODFILE_DIR_PATH}/Podfile.lock",
				"${PODS_ROOT}/Manifest.lock",
			);
			name = "[CP] Check Pods Manifest.lock";
			outputPaths = (
				"$(DERIVED_FILE_DIR)/Pods-Bumva-checkManifestLockResult.txt",
			);
			runOnlyForDeploymentPostprocessing = 0;
			shellPath = /bin/sh;
			shellScript = "diff \"${PODS_PODFILE_DIR_PATH}/Podfile.lock\" \"${PODS_ROOT}/Manifest.lock\" > /dev/null\nif [ $? != 0 ] ; then\n    # print error to STDERR\n    echo \"error: The sandbox is not in sync with the Podfile.lock. Run 'pod install' or update your CocoaPods installation.\" >&2\n    exit 1\nfi\n# This output is used by Xcode 'outputs' to avoid re-running this script phase.\necho \"SUCCESS\" > \"${SCRIPT_OUTPUT_FILE_0}\"\n";
			showEnvVarsInLog = 0;
		};
		E837C69B4945F82490D0C3DD /* [CP] Embed Pods Frameworks */ = {
			isa = PBXShellScriptBuildPhase;
			buildActionMask = 2147483647;
			files = (
			);
			inputPaths = (
				"${SRCROOT}/Pods/Target Support Files/Pods-Bumva/Pods-Bumva-frameworks.sh",
				"${BUILT_PRODUCTS_DIR}/Alamofire/Alamofire.framework",
			);
			name = "[CP] Embed Pods Frameworks";
			outputPaths = (
				"${TARGET_BUILD_DIR}/${FRAMEWORKS_FOLDER_PATH}/Alamofire.framework",
			);
			runOnlyForDeploymentPostprocessing = 0;
			shellPath = /bin/sh;
			shellScript = "\"${SRCROOT}/Pods/Target Support Files/Pods-Bumva/Pods-Bumva-frameworks.sh\"\n";
			showEnvVarsInLog = 0;
		};
/* End PBXShellScriptBuildPhase section */

/* Begin PBXSourcesBuildPhase section */
		FA76982720CDAFC30053A960 /* Sources */ = {
			isa = PBXSourcesBuildPhase;
			buildActionMask = 2147483647;
			files = (
				FA76983120CDAFC30053A960 /* ViewController.swift in Sources */,
				FA76982F20CDAFC30053A960 /* AppDelegate.swift in Sources */,
			);
			runOnlyForDeploymentPostprocessing = 0;
		};
/* End PBXSourcesBuildPhase section */

/* Begin PBXVariantGroup section */
		FA76983220CDAFC30053A960 /* Main.storyboard */ = {
			isa = PBXVariantGroup;
			children = (
				FA76983320CDAFC30053A960 /* Base */,
			);
			name = Main.storyboard;
			sourceTree = "<group>";
		};
		FA76983720CDAFC60053A960 /* LaunchScreen.storyboard */ = {
			isa = PBXVariantGroup;
			children = (
				FA76983820CDAFC60053A960 /* Base */,
			);
			name = LaunchScreen.storyboard;
			sourceTree = "<group>";
		};
/* End PBXVariantGroup section */

/* Begin XCBuildConfiguration section */
		FA76983B20CDAFC60053A960 /* Debug */ = {
			isa = XCBuildConfiguration;
			buildSettings = {
				ALWAYS_SEARCH_USER_PATHS = NO;
				CLANG_ANALYZER_NONNULL = YES;
				CLANG_ANALYZER_NUMBER_OBJECT_CONVERSION = YES_AGGRESSIVE;
				CLANG_CXX_LANGUAGE_STANDARD = "gnu++14";
				CLANG_CXX_LIBRARY = "libc++";
				CLANG_ENABLE_MODULES = YES;
				CLANG_ENABLE_OBJC_ARC = YES;
				CLANG_ENABLE_OBJC_WEAK = YES;
				CLANG_WARN_BLOCK_CAPTURE_AUTORELEASING = YES;
				CLANG_WARN_BOOL_CONVERSION = YES;
				CLANG_WARN_COMMA = YES;
				CLANG_WARN_CONSTANT_CONVERSION = YES;
				CLANG_WARN_DEPRECATED_OBJC_IMPLEMENTATIONS = YES;
				CLANG_WARN_DIRECT_OBJC_ISA_USAGE = YES_ERROR;
				CLANG_WARN_DOCUMENTATION_COMMENTS = YES;
				CLANG_WARN_EMPTY_BODY = YES;
				CLANG_WARN_ENUM_CONVERSION = YES;
				CLANG_WARN_INFINITE_RECURSION = YES;
				CLANG_WARN_INT_CONVERSION = YES;
				CLANG_WARN_NON_LITERAL_NULL_CONVERSION = YES;
				CLANG_WARN_OBJC_IMPLICIT_RETAIN_SELF = YES;
				CLANG_WARN_OBJC_LITERAL_CONVERSION = YES;
				CLANG_WARN_OBJC_ROOT_CLASS = YES_ERROR;
				CLANG_WARN_RANGE_LOOP_ANALYSIS = YES;
				CLANG_WARN_STRICT_PROTOTYPES = YES;
				CLANG_WARN_SUSPICIOUS_MOVE = YES;
				CLANG_WARN_UNGUARDED_AVAILABILITY = YES_AGGRESSIVE;
				CLANG_WARN_UNREACHABLE_CODE = YES;
				CLANG_WARN__DUPLICATE_METHOD_MATCH = YES;
				CODE_SIGN_IDENTITY = "iPhone Developer";
				COPY_PHASE_STRIP = NO;
				DEBUG_INFORMATION_FORMAT = dwarf;
				ENABLE_STRICT_OBJC_MSGSEND = YES;
				ENABLE_TESTABILITY = YES;
				GCC_C_LANGUAGE_STANDARD = gnu11;
				GCC_DYNAMIC_NO_PIC = NO;
				GCC_NO_COMMON_BLOCKS = YES;
				GCC_OPTIMIZATION_LEVEL = 0;
				GCC_PREPROCESSOR_DEFINITIONS = (
					"DEBUG=1",
					"$(inherited)",
				);
				GCC_WARN_64_TO_32_BIT_CONVERSION = YES;
				GCC_WARN_ABOUT_RETURN_TYPE = YES_ERROR;
				GCC_WARN_UNDECLARED_SELECTOR = YES;
				GCC_WARN_UNINITIALIZED_AUTOS = YES_AGGRESSIVE;
				GCC_WARN_UNUSED_FUNCTION = YES;
				GCC_WARN_UNUSED_VARIABLE = YES;
				IPHONEOS_DEPLOYMENT_TARGET = 11.4;
				MTL_ENABLE_DEBUG_INFO = YES;
				ONLY_ACTIVE_ARCH = YES;
				SDKROOT = iphoneos;
				SWIFT_ACTIVE_COMPILATION_CONDITIONS = DEBUG;
				SWIFT_OPTIMIZATION_LEVEL = "-Onone";
			};
			name = Debug;
		};
		FA76983C20CDAFC60053A960 /* Release */ = {
			isa = XCBuildConfiguration;
			buildSettings = {
				ALWAYS_SEARCH_USER_PATHS = NO;
				CLANG_ANALYZER_NONNULL = YES;
				CLANG_ANALYZER_NUMBER_OBJECT_CONVERSION = YES_AGGRESSIVE;
				CLANG_CXX_LANGUAGE_STANDARD = "gnu++14";
				CLANG_CXX_LIBRARY = "libc++";
				CLANG_ENABLE_MODULES = YES;
				CLANG_ENABLE_OBJC_ARC = YES;
				CLANG_ENABLE_OBJC_WEAK = YES;
				CLANG_WARN_BLOCK_CAPTURE_AUTORELEASING = YES;
				CLANG_WARN_BOOL_CONVERSION = YES;
				CLANG_WARN_COMMA = YES;
				CLANG_WARN_CONSTANT_CONVERSION = YES;
				CLANG_WARN_DEPRECATED_OBJC_IMPLEMENTATIONS = YES;
				CLANG_WARN_DIRECT_OBJC_ISA_USAGE = YES_ERROR;
				CLANG_WARN_DOCUMENTATION_COMMENTS = YES;
				CLANG_WARN_EMPTY_BODY = YES;
				CLANG_WARN_ENUM_CONVERSION = YES;
				CLANG_WARN_INFINITE_RECURSION = YES;
				CLANG_WARN_INT_CONVERSION = YES;
				CLANG_WARN_NON_LITERAL_NULL_CONVERSION = YES;
				CLANG_WARN_OBJC_IMPLICIT_RETAIN_SELF = YES;
				CLANG_WARN_OBJC_LITERAL_CONVERSION = YES;
				CLANG_WARN_OBJC_ROOT_CLASS = YES_ERROR;
				CLANG_WARN_RANGE_LOOP_ANALYSIS = YES;
				CLANG_WARN_STRICT_PROTOTYPES = YES;
				CLANG_WARN_SUSPICIOUS_MOVE = YES;
				CLANG_WARN_UNGUARDED_AVAILABILITY = YES_AGGRESSIVE;
				CLANG_WARN_UNREACHABLE_CODE = YES;
				CLANG_WARN__DUPLICATE_METHOD_MATCH = YES;
				CODE_SIGN_IDENTITY = "iPhone Developer";
				COPY_PHASE_STRIP = NO;
				DEBUG_INFORMATION_FORMAT = "dwarf-with-dsym";
				ENABLE_NS_ASSERTIONS = NO;
				ENABLE_STRICT_OBJC_MSGSEND = YES;
				GCC_C_LANGUAGE_STANDARD = gnu11;
				GCC_NO_COMMON_BLOCKS = YES;
				GCC_WARN_64_TO_32_BIT_CONVERSION = YES;
				GCC_WARN_ABOUT_RETURN_TYPE = YES_ERROR;
				GCC_WARN_UNDECLARED_SELECTOR = YES;
				GCC_WARN_UNINITIALIZED_AUTOS = YES_AGGRESSIVE;
				GCC_WARN_UNUSED_FUNCTION = YES;
				GCC_WARN_UNUSED_VARIABLE = YES;
				IPHONEOS_DEPLOYMENT_TARGET = 11.4;
				MTL_ENABLE_DEBUG_INFO = NO;
				SDKROOT = iphoneos;
				SWIFT_COMPILATION_MODE = wholemodule;
				SWIFT_OPTIMIZATION_LEVEL = "-O";
				VALIDATE_PRODUCT = YES;
			};
			name = Release;
		};
		FA76983E20CDAFC60053A960 /* Debug */ = {
			isa = XCBuildConfiguration;
			baseConfigurationReference = 2EE0FAD6A85B95230BA71100 /* Pods-Bumva.debug.xcconfig */;
			buildSettings = {
				ASSETCATALOG_COMPILER_APPICON_NAME = AppIcon;
				CODE_SIGN_STYLE = Automatic;
				DEVELOPMENT_TEAM = 8EAV93P97M;
				INFOPLIST_FILE = Bumva/Info.plist;
				IPHONEOS_DEPLOYMENT_TARGET = 11.0;
				LD_RUNPATH_SEARCH_PATHS = (
					"$(inherited)",
					"@executable_path/Frameworks",
				);
				PRODUCT_BUNDLE_IDENTIFIER = dev.drownish.Bumva;
				PRODUCT_NAME = "$(TARGET_NAME)";
				SWIFT_VERSION = 4.0;
				TARGETED_DEVICE_FAMILY = 1;
			};
			name = Debug;
		};
		FA76983F20CDAFC60053A960 /* Release */ = {
			isa = XCBuildConfiguration;
			baseConfigurationReference = 134474CC5759C517AE3402F7 /* Pods-Bumva.release.xcconfig */;
			buildSettings = {
				ASSETCATALOG_COMPILER_APPICON_NAME = AppIcon;
				CODE_SIGN_STYLE = Automatic;
				DEVELOPMENT_TEAM = 8EAV93P97M;
				INFOPLIST_FILE = Bumva/Info.plist;
				IPHONEOS_DEPLOYMENT_TARGET = 11.0;
				LD_RUNPATH_SEARCH_PATHS = (
					"$(inherited)",
					"@executable_path/Frameworks",
				);
				PRODUCT_BUNDLE_IDENTIFIER = dev.drownish.Bumva;
				PRODUCT_NAME = "$(TARGET_NAME)";
				SWIFT_VERSION = 4.0;
				TARGETED_DEVICE_FAMILY = 1;
			};
			name = Release;
		};
/* End XCBuildConfiguration section */

/* Begin XCConfigurationList section */
		FA76982620CDAFC30053A960 /* Build configuration list for PBXProject "Bumva" */ = {
			isa = XCConfigurationList;
			buildConfigurations = (
				FA76983B20CDAFC60053A960 /* Debug */,
				FA76983C20CDAFC60053A960 /* Release */,
			);
			defaultConfigurationIsVisible = 0;
			defaultConfigurationName = Release;
		};
		FA76983D20CDAFC60053A960 /* Build configuration list for PBXNativeTarget "Bumva" */ = {
			isa = XCConfigurationList;
			buildConfigurations = (
				FA76983E20CDAFC60053A960 /* Debug */,
				FA76983F20CDAFC60053A960 /* Release */,
			);
			defaultConfigurationIsVisible = 0;
			defaultConfigurationName = Release;
		};
/* End XCConfigurationList section */
	};
	rootObject = FA76982320CDAFC30053A960 /* Project object */;
}
